
Microsoft Visual Studio Solution File, Format Version 12.00
# Visual Studio Version 17
VisualStudioVersion = 17.0.31903.59
MinimumVisualStudioVersion = 10.0.40219.1
Project("{FAE04EC0-301F-11D3-BF4B-00C04F79EFBC}") = "Grade Calculator", "Grade Calculator\Grade Calculator.csproj", "{3813AADB-E627-4F73-A3C8-C877E677B40B}"
EndProject
Project("{FAE04EC0-301F-11D3-BF4B-00C04F79EFBC}") = "Ticket Price Calculator", "Ticket Price Calculator\Ticket Price Calculator.csproj", "{4B107AEE-44E4-4572-921F-BDDED0E87B0D}"
EndProject
Project("{FAE04EC0-301F-11D3-BF4B-00C04F79EFBC}") = "Triangle Type Identifier", "Triangle Type Identifier\Triangle Type Identifier.csproj", "{6AD6EF52-9E2B-4657-84EF-81B44C278E85}"
EndProject
Global
	GlobalSection(SolutionConfigurationPlatforms) = preSolution
		Debug|Any CPU = Debug|Any CPU
		Debug|x64 = Debug|x64
		Debug|x86 = Debug|x86
		Release|Any CPU = Release|Any CPU
		Release|x64 = Release|x64
		Release|x86 = Release|x86
	EndGlobalSection
	GlobalSection(ProjectConfigurationPlatforms) = postSolution
		{3813AADB-E627-4F73-A3C8-C877E677B40B}.Debug|Any CPU.ActiveCfg = Debug|Any CPU
		{3813AADB-E627-4F73-A3C8-C877E677B40B}.Debug|Any CPU.Build.0 = Debug|Any CPU
		{3813AADB-E627-4F73-A3C8-C877E677B40B}.Debug|x64.ActiveCfg = Debug|Any CPU
		{3813AADB-E627-4F73-A3C8-C877E677B40B}.Debug|x64.Build.0 = Debug|Any CPU
		{3813AADB-E627-4F73-A3C8-C877E677B40B}.Debug|x86.ActiveCfg = Debug|Any CPU
		{3813AADB-E627-4F73-A3C8-C877E677B40B}.Debug|x86.Build.0 = Debug|Any CPU
		{3813AADB-E627-4F73-A3C8-C877E677B40B}.Release|Any CPU.ActiveCfg = Release|Any CPU
		{3813AADB-E627-4F73-A3C8-C877E677B40B}.Release|Any CPU.Build.0 = Release|Any CPU
		{3813AADB-E627-4F73-A3C8-C877E677B40B}.Release|x64.ActiveCfg = Release|Any CPU
		{3813AADB-E627-4F73-A3C8-C877E677B40B}.Release|x64.Build.0 = Release|Any CPU
		{3813AADB-E627-4F73-A3C8-C877E677B40B}.Release|x86.ActiveCfg = Release|Any CPU
		{3813AADB-E627-4F73-A3C8-C877E677B40B}.Release|x86.Build.0 = Release|Any CPU
		{4B107AEE-44E4-4572-921F-BDDED0E87B0D}.Debug|Any CPU.ActiveCfg = Debug|Any CPU
		{4B107AEE-44E4-4572-921F-BDDED0E87B0D}.Debug|Any CPU.Build.0 = Debug|Any CPU
		{4B107AEE-44E4-4572-921F-BDDED0E87B0D}.Debug|x64.ActiveCfg = Debug|Any CPU
		{4B107AEE-44E4-4572-921F-BDDED0E87B0D}.Debug|x64.Build.0 = Debug|Any CPU
		{4B107AEE-44E4-4572-921F-BDDED0E87B0D}.Debug|x86.ActiveCfg = Debug|Any CPU
		{4B107AEE-44E4-4572-921F-BDDED0E87B0D}.Debug|x86.Build.0 = Debug|Any CPU
		{4B107AEE-44E4-4572-921F-BDDED0E87B0D}.Release|Any CPU.ActiveCfg = Release|Any CPU
		{4B107AEE-44E4-4572-921F-BDDED0E87B0D}.Release|Any CPU.Build.0 = Release|Any CPU
		{4B107AEE-44E4-4572-921F-BDDED0E87B0D}.Release|x64.ActiveCfg = Release|Any CPU
		{4B107AEE-44E4-4572-921F-BDDED0E87B0D}.Release|x64.Build.0 = Release|Any CPU
		{4B107AEE-44E4-4572-921F-BDDED0E87B0D}.Release|x86.ActiveCfg = Release|Any CPU
		{4B107AEE-44E4-4572-921F-BDDED0E87B0D}.Release|x86.Build.0 = Release|Any CPU
		{6AD6EF52-9E2B-4657-84EF-81B44C278E85}.Debug|Any CPU.ActiveCfg = Debug|Any CPU
		{6AD6EF52-9E2B-4657-84EF-81B44C278E85}.Debug|Any CPU.Build.0 = Debug|Any CPU
		{6AD6EF52-9E2B-4657-84EF-81B44C278E85}.Debug|x64.ActiveCfg = Debug|Any CPU
		{6AD6EF52-9E2B-4657-84EF-81B44C278E85}.Debug|x64.Build.0 = Debug|Any CPU
		{6AD6EF52-9E2B-4657-84EF-81B44C278E85}.Debug|x86.ActiveCfg = Debug|Any CPU
		{6AD6EF52-9E2B-4657-84EF-81B44C278E85}.Debug|x86.Build.0 = Debug|Any CPU
		{6AD6EF52-9E2B-4657-84EF-81B44C278E85}.Release|Any CPU.ActiveCfg = Release|Any CPU
		{6AD6EF52-9E2B-4657-84EF-81B44C278E85}.Release|Any CPU.Build.0 = Release|Any CPU
		{6AD6EF52-9E2B-4657-84EF-81B44C278E85}.Release|x64.ActiveCfg = Release|Any CPU
		{6AD6EF52-9E2B-4657-84EF-81B44C278E85}.Release|x64.Build.0 = Release|Any CPU
		{6AD6EF52-9E2B-4657-84EF-81B44C278E85}.Release|x86.ActiveCfg = Release|Any CPU
		{6AD6EF52-9E2B-4657-84EF-81B44C278E85}.Release|x86.Build.0 = Release|Any CPU
	EndGlobalSection
	GlobalSection(SolutionProperties) = preSolution
		HideSolutionNode = FALSE
	EndGlobalSection
EndGlobal
